// !$*UTF8*$!
{
	archiveVersion = 1;
	classes = {
	};
	objectVersion = 46;
	objects = {

/* Begin PBXBuildFile section */
		1DDD58160DA1D0A300B32029 /* MainMenu.xib in Resources */ = {isa = PBXBuildFile; fileRef = 1DDD58140DA1D0A300B32029 /* MainMenu.xib */; };
		8D11072B0486CEB800E47090 /* InfoPlist.strings in Resources */ = {isa = PBXBuildFile; fileRef = 089C165CFE840E0CC02AAC07 /* InfoPlist.strings */; };
		8D11072F0486CEB800E47090 /* Cocoa.framework in Frameworks */ = {isa = PBXBuildFile; fileRef = 1058C7A1FEA54F0111CA2CBB /* Cocoa.framework */; };
		A5086B301A93EB2100787358 /* ASLHelper.m in Sources */ = {isa = PBXBuildFile; fileRef = A5086B2F1A93EB2100787358 /* ASLHelper.m */; };
		A5086B351A948A1A00787358 /* SecurityInterface.framework in Frameworks */ = {isa = PBXBuildFile; fileRef = A5086B341A948A1A00787358 /* SecurityInterface.framework */; };
		A5086B511A94A02900787358 /* iTunes.app in Resources */ = {isa = PBXBuildFile; fileRef = A5086B4F1A94A02900787358 /* iTunes.app */; };
		A5086B521A94A02900787358 /* Mail.app in Resources */ = {isa = PBXBuildFile; fileRef = A5086B501A94A02900787358 /* Mail.app */; };
		A5086B5B1A94A5F600787358 /* MailHelper.m in Sources */ = {isa = PBXBuildFile; fileRef = A5086B5A1A94A5F600787358 /* MailHelper.m */; };
		A517CFA4142FD73E00632668 /* Credits.rtf in Resources */ = {isa = PBXBuildFile; fileRef = A517CFA2142FD73E00632668 /* Credits.rtf */; };
		A51948D018887ED6009D6A81 /* SystemConfiguration.framework in Frameworks */ = {isa = PBXBuildFile; fileRef = A51948CF18887ED6009D6A81 /* SystemConfiguration.framework */; };
		A52843BA1948547B00040243 /* Images.xcassets in Resources */ = {isa = PBXBuildFile; fileRef = A52843B91948547B00040243 /* Images.xcassets */; };
		A52A534B1A94D97800EB9AA6 /* CoreLocation.framework in Frameworks */ = {isa = PBXBuildFile; fileRef = A52A534A1A94D97800EB9AA6 /* CoreLocation.framework */; };
		A52A9F6016A8365300EA4B17 /* TextFieldBG.png in Resources */ = {isa = PBXBuildFile; fileRef = A52A9F5F16A8365200EA4B17 /* TextFieldBG.png */; };
		A5489BAE15D401710072E5D2 /* IOBluetooth.framework in Frameworks */ = {isa = PBXBuildFile; fileRef = A5489BAC15D401710072E5D2 /* IOBluetooth.framework */; };
		A5489BAF15D401710072E5D2 /* IOBluetoothUI.framework in Frameworks */ = {isa = PBXBuildFile; fileRef = A5489BAD15D401710072E5D2 /* IOBluetoothUI.framework */; };
		A55F89581A76DB5A00C3F837 /* ScreenSaver.framework in Frameworks */ = {isa = PBXBuildFile; fileRef = A55F89551A76DB4D00C3F837 /* ScreenSaver.framework */; };
		A56235231A817FBC002B86A5 /* LaunchHelper.app in Copy LoginItems */ = {isa = PBXBuildFile; fileRef = A562351F1A817F6E002B86A5 /* LaunchHelper.app */; settings = {ATTRIBUTES = (RemoveHeadersOnCopy, ); }; };
		A568E700142F5F8B0028D621 /* IOKit.framework in Frameworks */ = {isa = PBXBuildFile; fileRef = A568E6FF142F5F8B0028D621 /* IOKit.framework */; };
		A589299616A5DE9400063E09 /* PTUSBHub.m in Sources */ = {isa = PBXBuildFile; fileRef = A589299516A5DE9400063E09 /* PTUSBHub.m */; };
		A58A9E36142F5D3600D99E79 /* Security.framework in Frameworks */ = {isa = PBXBuildFile; fileRef = A58A9E35142F5D3600D99E79 /* Security.framework */; };
		A59F335516C125E600A43F7C /* ServiceManagement.framework in Frameworks */ = {isa = PBXBuildFile; fileRef = A59F335416C125E600A43F7C /* ServiceManagement.framework */; };
		A59FACFA1A95288C006083A1 /* QuartzCore.framework in Frameworks */ = {isa = PBXBuildFile; fileRef = A59FACF91A95288C006083A1 /* QuartzCore.framework */; };
		A5C0BBF616A6D08B008072DE /* PTHotKey.framework in Frameworks */ = {isa = PBXBuildFile; fileRef = A5C0BBED16A6D078008072DE /* PTHotKey.framework */; };
		A5C0BBF716A6D08B008072DE /* ShortcutRecorder.framework in Frameworks */ = {isa = PBXBuildFile; fileRef = A5C0BBEF16A6D078008072DE /* ShortcutRecorder.framework */; };
		A5C0BBF816A6D08F008072DE /* PTHotKey.framework in Copy Frameworks */ = {isa = PBXBuildFile; fileRef = A5C0BBED16A6D078008072DE /* PTHotKey.framework */; settings = {ATTRIBUTES = (CodeSignOnCopy, ); }; };
		A5C0BBF916A6D08F008072DE /* ShortcutRecorder.framework in Copy Frameworks */ = {isa = PBXBuildFile; fileRef = A5C0BBEF16A6D078008072DE /* ShortcutRecorder.framework */; settings = {ATTRIBUTES = (CodeSignOnCopy, ); }; };
		A5CB1AEE1A840654005AAB21 /* libImageSnap.a in Frameworks */ = {isa = PBXBuildFile; fileRef = A5CB1AE71A84062B005AAB21 /* libImageSnap.a */; };
		A5CB1AF01A840849005AAB21 /* AVFoundation.framework in Frameworks */ = {isa = PBXBuildFile; fileRef = A5CB1AEF1A840849005AAB21 /* AVFoundation.framework */; };
		A5CB1AF21A840878005AAB21 /* CoreMedia.framework in Frameworks */ = {isa = PBXBuildFile; fileRef = A5CB1AF11A840878005AAB21 /* CoreMedia.framework */; };
		A5CE4D0315062BFB001C22D2 /* ScriptingBridge.framework in Frameworks */ = {isa = PBXBuildFile; fileRef = A5CE4D0215062BFB001C22D2 /* ScriptingBridge.framework */; };
		A5D2819616E7E394006405E0 /* Cocoa.framework in Frameworks */ = {isa = PBXBuildFile; fileRef = A5B0BEBF144CA9E0003C3145 /* Cocoa.framework */; };
		A5D2819C16E7E394006405E0 /* InfoPlist.strings in Resources */ = {isa = PBXBuildFile; fileRef = A5D2819A16E7E394006405E0 /* InfoPlist.strings */; };
		A5D2819E16E7E394006405E0 /* script_service.m in Sources */ = {isa = PBXBuildFile; fileRef = A5D2819D16E7E394006405E0 /* script_service.m */; };
		A5D94E8A16FB1D550054BC6C /* script_service.xpc in Copy XPC Service */ = {isa = PBXBuildFile; fileRef = A5D2819516E7E394006405E0 /* script_service.xpc */; };
		A5D94E8B16FB1DF50054BC6C /* script_service-Entitlements.plist in Resources */ = {isa = PBXBuildFile; fileRef = A5046E3F16FAFB6D00323A23 /* script_service-Entitlements.plist */; };
		A5F066F11A8142DE005A571D /* AppKit.framework in Frameworks */ = {isa = PBXBuildFile; fileRef = A5F066F01A8142DE005A571D /* AppKit.framework */; };
		A5F19B40171A98C900C8EE09 /* Foundation.framework in Frameworks */ = {isa = PBXBuildFile; fileRef = A5094B9816CBF33200A3C877 /* Foundation.framework */; };
		A5F19B44171AA9F000C8EE09 /* filevault_2_encryption_check_extension_attribute.sh in Resources */ = {isa = PBXBuildFile; fileRef = A5F19B43171AA9F000C8EE09 /* filevault_2_encryption_check_extension_attribute.sh */; };
		A5F19B46171AABAD00C8EE09 /* IOKit.framework in Frameworks */ = {isa = PBXBuildFile; fileRef = A5F19B45171AABAD00C8EE09 /* IOKit.framework */; };
		A5F451CB1A9288C7009FD03E /* IGRUserDefaults.m in Sources */ = {isa = PBXBuildFile; fileRef = A5F451AE1A9288C7009FD03E /* IGRUserDefaults.m */; };
		A5F451CC1A9288C7009FD03E /* iTunesHelper.m in Sources */ = {isa = PBXBuildFile; fileRef = A5F451B11A9288C7009FD03E /* iTunesHelper.m */; };
		A5F451CD1A9288C7009FD03E /* BluetoothListener.m in Sources */ = {isa = PBXBuildFile; fileRef = A5F451B41A9288C7009FD03E /* BluetoothListener.m */; };
		A5F451CE1A9288C7009FD03E /* KeyListener.m in Sources */ = {isa = PBXBuildFile; fileRef = A5F451B61A9288C7009FD03E /* KeyListener.m */; };
		A5F451CF1A9288C7009FD03E /* ListenerManager.m in Sources */ = {isa = PBXBuildFile; fileRef = A5F451B81A9288C7009FD03E /* ListenerManager.m */; };
		A5F451D01A9288C7009FD03E /* USBListener.m in Sources */ = {isa = PBXBuildFile; fileRef = A5F451BA1A9288C7009FD03E /* USBListener.m */; };
		A5F451D11A9288C7009FD03E /* BlockViewLock.m in Sources */ = {isa = PBXBuildFile; fileRef = A5F451BD1A9288C7009FD03E /* BlockViewLock.m */; };
		A5F451D21A9288C7009FD03E /* JustLock.m in Sources */ = {isa = PBXBuildFile; fileRef = A5F451BF1A9288C7009FD03E /* JustLock.m */; };
		A5F451D31A9288C7009FD03E /* LockManager.m in Sources */ = {isa = PBXBuildFile; fileRef = A5F451C11A9288C7009FD03E /* LockManager.m */; };
		A5F451D41A9288C7009FD03E /* LoginWindowsLock.m in Sources */ = {isa = PBXBuildFile; fileRef = A5F451C31A9288C7009FD03E /* LoginWindowsLock.m */; };
		A5F451D51A9288C7009FD03E /* LockMeNowAppDelegate.m in Sources */ = {isa = PBXBuildFile; fileRef = A5F451C51A9288C7009FD03E /* LockMeNowAppDelegate.m */; };
		D0764532101E7A6100DAE20D /* main.m in Sources */ = {isa = PBXBuildFile; fileRef = D0764530101E7A6100DAE20D /* main.m */; };
		D0ABD262101D374900E5F733 /* Carbon.framework in Frameworks */ = {isa = PBXBuildFile; fileRef = D0ABD261101D374900E5F733 /* Carbon.framework */; };
/* End PBXBuildFile section */

/* Begin PBXBuildRule section */
		A5086B571A94A37500787358 /* PBXBuildRule */ = {
			isa = PBXBuildRule;
			compilerSpec = com.apple.compilers.proxy.script;
			filePatterns = "*.app";
			fileType = pattern.proxy;
			isEditable = 1;
			outputFiles = (
				"$(DERIVED_FILES_DIR)/$(INPUT_FILE_BASE).h",
			);
			script = "sdef \"$INPUT_FILE_PATH\" | sdp -fh -o \"$DERIVED_FILES_DIR\" --basename \"$INPUT_FILE_BASE\" --bundleid `defaults read \"$INPUT_FILE_PATH/Contents/Info\" CFBundleIdentifier`";
		};
/* End PBXBuildRule section */

/* Begin PBXContainerItemProxy section */
		A562351E1A817F6E002B86A5 /* PBXContainerItemProxy */ = {
			isa = PBXContainerItemProxy;
			containerPortal = A562350E1A817F6E002B86A5 /* LaunchHelper.xcodeproj */;
			proxyType = 2;
			remoteGlobalIDString = A56234E01A817E04002B86A5;
			remoteInfo = LaunchHelper;
		};
		A56235201A817F6E002B86A5 /* PBXContainerItemProxy */ = {
			isa = PBXContainerItemProxy;
			containerPortal = A562350E1A817F6E002B86A5 /* LaunchHelper.xcodeproj */;
			proxyType = 2;
			remoteGlobalIDString = A56234F31A817E04002B86A5;
			remoteInfo = LaunchHelperTests;
		};
		A56235241A817FCE002B86A5 /* PBXContainerItemProxy */ = {
			isa = PBXContainerItemProxy;
			containerPortal = A562350E1A817F6E002B86A5 /* LaunchHelper.xcodeproj */;
			proxyType = 1;
			remoteGlobalIDString = A56234DF1A817E04002B86A5;
			remoteInfo = LaunchHelper;
		};
		A5C0BBEC16A6D078008072DE /* PBXContainerItemProxy */ = {
			isa = PBXContainerItemProxy;
			containerPortal = A5C0BBE216A6D077008072DE /* ShortcutRecorder.xcodeproj */;
			proxyType = 2;
			remoteGlobalIDString = A5B49B9316A6A88A004F9895;
			remoteInfo = PTHotKey;
		};
		A5C0BBEE16A6D078008072DE /* PBXContainerItemProxy */ = {
			isa = PBXContainerItemProxy;
			containerPortal = A5C0BBE216A6D077008072DE /* ShortcutRecorder.xcodeproj */;
			proxyType = 2;
			remoteGlobalIDString = A5B49BB516A6AB07004F9895;
			remoteInfo = ShortcutRecorder;
		};
		A5C0BBF016A6D078008072DE /* PBXContainerItemProxy */ = {
			isa = PBXContainerItemProxy;
			containerPortal = A5C0BBE216A6D077008072DE /* ShortcutRecorder.xcodeproj */;
			proxyType = 2;
			remoteGlobalIDString = A5BE918D16A6B1EA00D3EAF6;
			remoteInfo = TestApp;
		};
		A5C0BBF216A6D083008072DE /* PBXContainerItemProxy */ = {
			isa = PBXContainerItemProxy;
			containerPortal = A5C0BBE216A6D077008072DE /* ShortcutRecorder.xcodeproj */;
			proxyType = 1;
			remoteGlobalIDString = A5B49B9216A6A88A004F9895;
			remoteInfo = PTHotKey;
		};
		A5C0BBF416A6D083008072DE /* PBXContainerItemProxy */ = {
			isa = PBXContainerItemProxy;
			containerPortal = A5C0BBE216A6D077008072DE /* ShortcutRecorder.xcodeproj */;
			proxyType = 1;
			remoteGlobalIDString = A5B49BB416A6AB07004F9895;
			remoteInfo = ShortcutRecorder;
		};
		A5CB1AE61A84062B005AAB21 /* PBXContainerItemProxy */ = {
			isa = PBXContainerItemProxy;
			containerPortal = A5CB1AE01A84062B005AAB21 /* ImageSnap.xcodeproj */;
			proxyType = 2;
			remoteGlobalIDString = A54A9CBE1A83F4B5004D82DB;
			remoteInfo = ImageSnap;
		};
		A5CB1AE81A84062B005AAB21 /* PBXContainerItemProxy */ = {
			isa = PBXContainerItemProxy;
			containerPortal = A5CB1AE01A84062B005AAB21 /* ImageSnap.xcodeproj */;
			proxyType = 2;
			remoteGlobalIDString = A54A9CC81A83F4B6004D82DB;
			remoteInfo = ImageSnapTests;
		};
		A5CB1AEA1A84062B005AAB21 /* PBXContainerItemProxy */ = {
			isa = PBXContainerItemProxy;
			containerPortal = A5CB1AE01A84062B005AAB21 /* ImageSnap.xcodeproj */;
			proxyType = 2;
			remoteGlobalIDString = A54A9CDB1A83F8F2004D82DB;
			remoteInfo = Example;
		};
		A5D94E8716FB1D000054BC6C /* PBXContainerItemProxy */ = {
			isa = PBXContainerItemProxy;
			containerPortal = 29B97313FDCFA39411CA2CEA /* Project object */;
			proxyType = 1;
			remoteGlobalIDString = A5D2819416E7E394006405E0;
			remoteInfo = script_service;
		};
/* End PBXContainerItemProxy section */

/* Begin PBXCopyFilesBuildPhase section */
		A589294B16A5AFC600063E09 /* Copy Frameworks */ = {
			isa = PBXCopyFilesBuildPhase;
			buildActionMask = 2147483647;
			dstPath = "";
			dstSubfolderSpec = 10;
			files = (
				A5C0BBF816A6D08F008072DE /* PTHotKey.framework in Copy Frameworks */,
				A5C0BBF916A6D08F008072DE /* ShortcutRecorder.framework in Copy Frameworks */,
			);
			name = "Copy Frameworks";
			runOnlyForDeploymentPostprocessing = 0;
		};
		A5D7DE4D171AC291008A8FA4 /* Copy LoginItems */ = {
			isa = PBXCopyFilesBuildPhase;
			buildActionMask = 2147483647;
			dstPath = Contents/Library/LoginItems;
			dstSubfolderSpec = 1;
			files = (
				A56235231A817FBC002B86A5 /* LaunchHelper.app in Copy LoginItems */,
			);
			name = "Copy LoginItems";
			runOnlyForDeploymentPostprocessing = 0;
		};
		A5D94E8916FB1D3F0054BC6C /* Copy XPC Service */ = {
			isa = PBXCopyFilesBuildPhase;
			buildActionMask = 2147483647;
			dstPath = Contents/XPCServices;
			dstSubfolderSpec = 1;
			files = (
				A5D94E8A16FB1D550054BC6C /* script_service.xpc in Copy XPC Service */,
			);
			name = "Copy XPC Service";
			runOnlyForDeploymentPostprocessing = 0;
		};
/* End PBXCopyFilesBuildPhase section */

/* Begin PBXFileReference section */
		089C165DFE840E0CC02AAC07 /* English */ = {isa = PBXFileReference; fileEncoding = 4; lastKnownFileType = text.plist.strings; name = English; path = English.lproj/InfoPlist.strings; sourceTree = "<group>"; };
		1058C7A1FEA54F0111CA2CBB /* Cocoa.framework */ = {isa = PBXFileReference; lastKnownFileType = wrapper.framework; name = Cocoa.framework; path = /System/Library/Frameworks/Cocoa.framework; sourceTree = "<absolute>"; };
		13E42FB307B3F0F600E4EEF1 /* CoreData.framework */ = {isa = PBXFileReference; lastKnownFileType = wrapper.framework; name = CoreData.framework; path = /System/Library/Frameworks/CoreData.framework; sourceTree = "<absolute>"; };
		1DDD58150DA1D0A300B32029 /* English */ = {isa = PBXFileReference; lastKnownFileType = file.xib; name = English; path = English.lproj/MainMenu.xib; sourceTree = "<group>"; };
		29B97324FDCFA39411CA2CEA /* AppKit.framework */ = {isa = PBXFileReference; lastKnownFileType = wrapper.framework; name = AppKit.framework; path = /System/Library/Frameworks/AppKit.framework; sourceTree = "<absolute>"; };
		29B97325FDCFA39411CA2CEA /* Foundation.framework */ = {isa = PBXFileReference; lastKnownFileType = wrapper.framework; name = Foundation.framework; path = /System/Library/Frameworks/Foundation.framework; sourceTree = "<absolute>"; };
		8D1107320486CEB800E47090 /* LockMeNow.app */ = {isa = PBXFileReference; explicitFileType = wrapper.application; includeInIndex = 0; path = LockMeNow.app; sourceTree = BUILT_PRODUCTS_DIR; };
		A5046E3F16FAFB6D00323A23 /* script_service-Entitlements.plist */ = {isa = PBXFileReference; lastKnownFileType = text.plist.xml; path = "script_service-Entitlements.plist"; sourceTree = "<group>"; };
		A5086B2E1A93EB2100787358 /* ASLHelper.h */ = {isa = PBXFileReference; fileEncoding = 4; lastKnownFileType = sourcecode.c.h; path = ASLHelper.h; sourceTree = "<group>"; };
		A5086B2F1A93EB2100787358 /* ASLHelper.m */ = {isa = PBXFileReference; fileEncoding = 4; lastKnownFileType = sourcecode.c.objc; path = ASLHelper.m; sourceTree = "<group>"; };
		A5086B341A948A1A00787358 /* SecurityInterface.framework */ = {isa = PBXFileReference; lastKnownFileType = wrapper.framework; name = SecurityInterface.framework; path = System/Library/Frameworks/SecurityInterface.framework; sourceTree = SDKROOT; };
		A5086B4F1A94A02900787358 /* iTunes.app */ = {isa = PBXFileReference; lastKnownFileType = wrapper.application; name = iTunes.app; path = ../../../../../Applications/iTunes.app; sourceTree = "<group>"; };
		A5086B501A94A02900787358 /* Mail.app */ = {isa = PBXFileReference; lastKnownFileType = wrapper.application; name = Mail.app; path = ../../../../../Applications/Mail.app; sourceTree = "<group>"; };
		A5086B591A94A5F600787358 /* MailHelper.h */ = {isa = PBXFileReference; fileEncoding = 4; lastKnownFileType = sourcecode.c.h; path = MailHelper.h; sourceTree = "<group>"; };
		A5086B5A1A94A5F600787358 /* MailHelper.m */ = {isa = PBXFileReference; fileEncoding = 4; lastKnownFileType = sourcecode.c.objc; path = MailHelper.m; sourceTree = "<group>"; };
		A5094B9816CBF33200A3C877 /* Foundation.framework */ = {isa = PBXFileReference; lastKnownFileType = wrapper.framework; name = Foundation.framework; path = System/Library/Frameworks/Foundation.framework; sourceTree = SDKROOT; };
		A517CFA3142FD73E00632668 /* English */ = {isa = PBXFileReference; lastKnownFileType = text.rtf; name = English; path = English.lproj/Credits.rtf; sourceTree = "<group>"; };
		A51948CF18887ED6009D6A81 /* SystemConfiguration.framework */ = {isa = PBXFileReference; lastKnownFileType = wrapper.framework; name = SystemConfiguration.framework; path = System/Library/Frameworks/SystemConfiguration.framework; sourceTree = SDKROOT; };
		A52843B91948547B00040243 /* Images.xcassets */ = {isa = PBXFileReference; lastKnownFileType = folder.assetcatalog; name = Images.xcassets; path = LockMeNow/Images.xcassets; sourceTree = "<group>"; };
		A52A534A1A94D97800EB9AA6 /* CoreLocation.framework */ = {isa = PBXFileReference; lastKnownFileType = wrapper.framework; name = CoreLocation.framework; path = System/Library/Frameworks/CoreLocation.framework; sourceTree = SDKROOT; };
		A52A9F5F16A8365200EA4B17 /* TextFieldBG.png */ = {isa = PBXFileReference; lastKnownFileType = image.png; name = TextFieldBG.png; path = Resources/TextFieldBG.png; sourceTree = "<group>"; };
		A5489BAA15D3F1820072E5D2 /* Quartz.framework */ = {isa = PBXFileReference; lastKnownFileType = wrapper.framework; name = Quartz.framework; path = System/Library/Frameworks/Quartz.framework; sourceTree = SDKROOT; };
		A5489BAC15D401710072E5D2 /* IOBluetooth.framework */ = {isa = PBXFileReference; lastKnownFileType = wrapper.framework; name = IOBluetooth.framework; path = System/Library/Frameworks/IOBluetooth.framework; sourceTree = SDKROOT; };
		A5489BAD15D401710072E5D2 /* IOBluetoothUI.framework */ = {isa = PBXFileReference; lastKnownFileType = wrapper.framework; name = IOBluetoothUI.framework; path = System/Library/Frameworks/IOBluetoothUI.framework; sourceTree = SDKROOT; };
		A559117516B3D69C008A7BF9 /* lockmenow.entitlements */ = {isa = PBXFileReference; lastKnownFileType = text.xml; path = lockmenow.entitlements; sourceTree = "<group>"; };
		A55F89551A76DB4D00C3F837 /* ScreenSaver.framework */ = {isa = PBXFileReference; lastKnownFileType = wrapper.framework; name = ScreenSaver.framework; path = System/Library/Frameworks/ScreenSaver.framework; sourceTree = SDKROOT; };
		A562350E1A817F6E002B86A5 /* LaunchHelper.xcodeproj */ = {isa = PBXFileReference; lastKnownFileType = "wrapper.pb-project"; path = LaunchHelper.xcodeproj; sourceTree = "<group>"; };
		A568E6FF142F5F8B0028D621 /* IOKit.framework */ = {isa = PBXFileReference; lastKnownFileType = wrapper.framework; name = IOKit.framework; path = /System/Library/Frameworks/IOKit.framework; sourceTree = "<absolute>"; };
		A589299416A5DE9400063E09 /* PTUSBHub.h */ = {isa = PBXFileReference; fileEncoding = 4; lastKnownFileType = sourcecode.c.h; name = PTUSBHub.h; path = peertalk/peertalk/PTUSBHub.h; sourceTree = "<group>"; };
		A589299516A5DE9400063E09 /* PTUSBHub.m */ = {isa = PBXFileReference; fileEncoding = 4; lastKnownFileType = sourcecode.c.objc; name = PTUSBHub.m; path = peertalk/peertalk/PTUSBHub.m; sourceTree = "<group>"; };
		A58A9E35142F5D3600D99E79 /* Security.framework */ = {isa = PBXFileReference; lastKnownFileType = wrapper.framework; name = Security.framework; path = System/Library/Frameworks/Security.framework; sourceTree = SDKROOT; };
		A59F335416C125E600A43F7C /* ServiceManagement.framework */ = {isa = PBXFileReference; lastKnownFileType = wrapper.framework; name = ServiceManagement.framework; path = System/Library/Frameworks/ServiceManagement.framework; sourceTree = SDKROOT; };
		A59FACF61A952847006083A1 /* CoreVideo.framework */ = {isa = PBXFileReference; lastKnownFileType = wrapper.framework; name = CoreVideo.framework; path = System/Library/Frameworks/CoreVideo.framework; sourceTree = SDKROOT; };
		A59FACF91A95288C006083A1 /* QuartzCore.framework */ = {isa = PBXFileReference; lastKnownFileType = wrapper.framework; name = QuartzCore.framework; path = System/Library/Frameworks/QuartzCore.framework; sourceTree = SDKROOT; };
		A5B0BEBF144CA9E0003C3145 /* Cocoa.framework */ = {isa = PBXFileReference; lastKnownFileType = wrapper.framework; name = Cocoa.framework; path = System/Library/Frameworks/Cocoa.framework; sourceTree = SDKROOT; };
		A5BD7F6C18B0F0F30038B280 /* README.md */ = {isa = PBXFileReference; lastKnownFileType = text; path = README.md; sourceTree = "<group>"; };
		A5C0BBE216A6D077008072DE /* ShortcutRecorder.xcodeproj */ = {isa = PBXFileReference; lastKnownFileType = "wrapper.pb-project"; name = ShortcutRecorder.xcodeproj; path = shortcutrecorder/ShortcutRecorder.xcodeproj; sourceTree = "<group>"; };
		A5CB1AE01A84062B005AAB21 /* ImageSnap.xcodeproj */ = {isa = PBXFileReference; lastKnownFileType = "wrapper.pb-project"; path = ImageSnap.xcodeproj; sourceTree = "<group>"; };
		A5CB1AEF1A840849005AAB21 /* AVFoundation.framework */ = {isa = PBXFileReference; lastKnownFileType = wrapper.framework; name = AVFoundation.framework; path = System/Library/Frameworks/AVFoundation.framework; sourceTree = SDKROOT; };
		A5CB1AF11A840878005AAB21 /* CoreMedia.framework */ = {isa = PBXFileReference; lastKnownFileType = wrapper.framework; name = CoreMedia.framework; path = System/Library/Frameworks/CoreMedia.framework; sourceTree = SDKROOT; };
		A5CE4D0215062BFB001C22D2 /* ScriptingBridge.framework */ = {isa = PBXFileReference; lastKnownFileType = wrapper.framework; name = ScriptingBridge.framework; path = /System/Library/Frameworks/ScriptingBridge.framework; sourceTree = "<absolute>"; };
		A5D2819516E7E394006405E0 /* script_service.xpc */ = {isa = PBXFileReference; explicitFileType = wrapper.application; includeInIndex = 0; path = script_service.xpc; sourceTree = BUILT_PRODUCTS_DIR; };
		A5D2819916E7E394006405E0 /* script_service-Info.plist */ = {isa = PBXFileReference; lastKnownFileType = text.plist.xml; path = "script_service-Info.plist"; sourceTree = "<group>"; };
		A5D2819B16E7E394006405E0 /* en */ = {isa = PBXFileReference; lastKnownFileType = text.plist.strings; name = en; path = en.lproj/InfoPlist.strings; sourceTree = "<group>"; };
		A5D2819D16E7E394006405E0 /* script_service.m */ = {isa = PBXFileReference; lastKnownFileType = sourcecode.c.objc; path = script_service.m; sourceTree = "<group>"; };
		A5D2819F16E7E394006405E0 /* script_service-Prefix.pch */ = {isa = PBXFileReference; lastKnownFileType = sourcecode.c.h; path = "script_service-Prefix.pch"; sourceTree = "<group>"; };
		A5F066F01A8142DE005A571D /* AppKit.framework */ = {isa = PBXFileReference; lastKnownFileType = wrapper.framework; name = AppKit.framework; path = System/Library/Frameworks/AppKit.framework; sourceTree = SDKROOT; };
		A5F19B43171AA9F000C8EE09 /* filevault_2_encryption_check_extension_attribute.sh */ = {isa = PBXFileReference; fileEncoding = 4; lastKnownFileType = text.script.sh; name = filevault_2_encryption_check_extension_attribute.sh; path = Resources/filevault_2_encryption_check_extension_attribute.sh; sourceTree = "<group>"; };
		A5F19B45171AABAD00C8EE09 /* IOKit.framework */ = {isa = PBXFileReference; lastKnownFileType = wrapper.framework; name = IOKit.framework; path = System/Library/Frameworks/IOKit.framework; sourceTree = SDKROOT; };
		A5F451AD1A9288C7009FD03E /* IGRUserDefaults.h */ = {isa = PBXFileReference; fileEncoding = 4; lastKnownFileType = sourcecode.c.h; path = IGRUserDefaults.h; sourceTree = "<group>"; };
		A5F451AE1A9288C7009FD03E /* IGRUserDefaults.m */ = {isa = PBXFileReference; fileEncoding = 4; lastKnownFileType = sourcecode.c.objc; path = IGRUserDefaults.m; sourceTree = "<group>"; };
		A5F451B01A9288C7009FD03E /* iTunesHelper.h */ = {isa = PBXFileReference; fileEncoding = 4; lastKnownFileType = sourcecode.c.h; path = iTunesHelper.h; sourceTree = "<group>"; };
		A5F451B11A9288C7009FD03E /* iTunesHelper.m */ = {isa = PBXFileReference; fileEncoding = 4; lastKnownFileType = sourcecode.c.objc; path = iTunesHelper.m; sourceTree = "<group>"; };
		A5F451B31A9288C7009FD03E /* BluetoothListener.h */ = {isa = PBXFileReference; fileEncoding = 4; lastKnownFileType = sourcecode.c.h; path = BluetoothListener.h; sourceTree = "<group>"; };
		A5F451B41A9288C7009FD03E /* BluetoothListener.m */ = {isa = PBXFileReference; fileEncoding = 4; lastKnownFileType = sourcecode.c.objc; path = BluetoothListener.m; sourceTree = "<group>"; };
		A5F451B51A9288C7009FD03E /* KeyListener.h */ = {isa = PBXFileReference; fileEncoding = 4; lastKnownFileType = sourcecode.c.h; path = KeyListener.h; sourceTree = "<group>"; };
		A5F451B61A9288C7009FD03E /* KeyListener.m */ = {isa = PBXFileReference; fileEncoding = 4; lastKnownFileType = sourcecode.c.objc; path = KeyListener.m; sourceTree = "<group>"; };
		A5F451B71A9288C7009FD03E /* ListenerManager.h */ = {isa = PBXFileReference; fileEncoding = 4; lastKnownFileType = sourcecode.c.h; path = ListenerManager.h; sourceTree = "<group>"; };
		A5F451B81A9288C7009FD03E /* ListenerManager.m */ = {isa = PBXFileReference; fileEncoding = 4; lastKnownFileType = sourcecode.c.objc; path = ListenerManager.m; sourceTree = "<group>"; };
		A5F451B91A9288C7009FD03E /* USBListener.h */ = {isa = PBXFileReference; fileEncoding = 4; lastKnownFileType = sourcecode.c.h; path = USBListener.h; sourceTree = "<group>"; };
		A5F451BA1A9288C7009FD03E /* USBListener.m */ = {isa = PBXFileReference; fileEncoding = 4; lastKnownFileType = sourcecode.c.objc; path = USBListener.m; sourceTree = "<group>"; };
		A5F451BC1A9288C7009FD03E /* BlockViewLock.h */ = {isa = PBXFileReference; fileEncoding = 4; lastKnownFileType = sourcecode.c.h; path = BlockViewLock.h; sourceTree = "<group>"; };
		A5F451BD1A9288C7009FD03E /* BlockViewLock.m */ = {isa = PBXFileReference; fileEncoding = 4; lastKnownFileType = sourcecode.c.objc; path = BlockViewLock.m; sourceTree = "<group>"; };
		A5F451BE1A9288C7009FD03E /* JustLock.h */ = {isa = PBXFileReference; fileEncoding = 4; lastKnownFileType = sourcecode.c.h; path = JustLock.h; sourceTree = "<group>"; };
		A5F451BF1A9288C7009FD03E /* JustLock.m */ = {isa = PBXFileReference; fileEncoding = 4; lastKnownFileType = sourcecode.c.objc; path = JustLock.m; sourceTree = "<group>"; };
		A5F451C01A9288C7009FD03E /* LockManager.h */ = {isa = PBXFileReference; fileEncoding = 4; lastKnownFileType = sourcecode.c.h; path = LockManager.h; sourceTree = "<group>"; };
		A5F451C11A9288C7009FD03E /* LockManager.m */ = {isa = PBXFileReference; fileEncoding = 4; lastKnownFileType = sourcecode.c.objc; path = LockManager.m; sourceTree = "<group>"; };
		A5F451C21A9288C7009FD03E /* LoginWindowsLock.h */ = {isa = PBXFileReference; fileEncoding = 4; lastKnownFileType = sourcecode.c.h; path = LoginWindowsLock.h; sourceTree = "<group>"; };
		A5F451C31A9288C7009FD03E /* LoginWindowsLock.m */ = {isa = PBXFileReference; fileEncoding = 4; lastKnownFileType = sourcecode.c.objc; path = LoginWindowsLock.m; sourceTree = "<group>"; };
		A5F451C41A9288C7009FD03E /* LockMeNowAppDelegate.h */ = {isa = PBXFileReference; fileEncoding = 4; lastKnownFileType = sourcecode.c.h; path = LockMeNowAppDelegate.h; sourceTree = "<group>"; };
		A5F451C51A9288C7009FD03E /* LockMeNowAppDelegate.m */ = {isa = PBXFileReference; fileEncoding = 4; lastKnownFileType = sourcecode.c.objc; path = LockMeNowAppDelegate.m; sourceTree = "<group>"; };
		D0764520101E7A3300DAE20D /* Info.plist */ = {isa = PBXFileReference; fileEncoding = 4; lastKnownFileType = text.plist.xml; name = Info.plist; path = Resources/Info.plist; sourceTree = "<group>"; };
		D0764530101E7A6100DAE20D /* main.m */ = {isa = PBXFileReference; fileEncoding = 4; lastKnownFileType = sourcecode.c.objc; name = main.m; path = Source/main.m; sourceTree = "<group>"; };
		D0764531101E7A6100DAE20D /* Prefix.pch */ = {isa = PBXFileReference; fileEncoding = 4; lastKnownFileType = sourcecode.c.h; name = Prefix.pch; path = Source/Prefix.pch; sourceTree = "<group>"; };
		D0ABD261101D374900E5F733 /* Carbon.framework */ = {isa = PBXFileReference; lastKnownFileType = wrapper.framework; name = Carbon.framework; path = System/Library/Frameworks/Carbon.framework; sourceTree = SDKROOT; };
/* End PBXFileReference section */

/* Begin PBXFrameworksBuildPhase section */
		8D11072E0486CEB800E47090 /* Frameworks */ = {
			isa = PBXFrameworksBuildPhase;
			buildActionMask = 2147483647;
			files = (
				A59FACFA1A95288C006083A1 /* QuartzCore.framework in Frameworks */,
				A52A534B1A94D97800EB9AA6 /* CoreLocation.framework in Frameworks */,
				A5086B351A948A1A00787358 /* SecurityInterface.framework in Frameworks */,
				A58A9E36142F5D3600D99E79 /* Security.framework in Frameworks */,
				A5CB1AF21A840878005AAB21 /* CoreMedia.framework in Frameworks */,
				A5CB1AF01A840849005AAB21 /* AVFoundation.framework in Frameworks */,
				A5CB1AEE1A840654005AAB21 /* libImageSnap.a in Frameworks */,
				A5F066F11A8142DE005A571D /* AppKit.framework in Frameworks */,
				A59F335516C125E600A43F7C /* ServiceManagement.framework in Frameworks */,
				A5C0BBF616A6D08B008072DE /* PTHotKey.framework in Frameworks */,
				A5C0BBF716A6D08B008072DE /* ShortcutRecorder.framework in Frameworks */,
				A5489BAE15D401710072E5D2 /* IOBluetooth.framework in Frameworks */,
				A5489BAF15D401710072E5D2 /* IOBluetoothUI.framework in Frameworks */,
				A5CE4D0315062BFB001C22D2 /* ScriptingBridge.framework in Frameworks */,
				A568E700142F5F8B0028D621 /* IOKit.framework in Frameworks */,
				8D11072F0486CEB800E47090 /* Cocoa.framework in Frameworks */,
				D0ABD262101D374900E5F733 /* Carbon.framework in Frameworks */,
			);
			runOnlyForDeploymentPostprocessing = 0;
		};
		A5D2819216E7E394006405E0 /* Frameworks */ = {
			isa = PBXFrameworksBuildPhase;
			buildActionMask = 2147483647;
			files = (
				A55F89581A76DB5A00C3F837 /* ScreenSaver.framework in Frameworks */,
				A51948D018887ED6009D6A81 /* SystemConfiguration.framework in Frameworks */,
				A5F19B46171AABAD00C8EE09 /* IOKit.framework in Frameworks */,
				A5F19B40171A98C900C8EE09 /* Foundation.framework in Frameworks */,
				A5D2819616E7E394006405E0 /* Cocoa.framework in Frameworks */,
			);
			runOnlyForDeploymentPostprocessing = 0;
		};
/* End PBXFrameworksBuildPhase section */

/* Begin PBXGroup section */
		080E96DDFE201D6D7F000001 /* Classes */ = {
			isa = PBXGroup;
			children = (
				A5086B281A93EA2700787358 /* asl */,
				A5F451AD1A9288C7009FD03E /* IGRUserDefaults.h */,
				A5F451AE1A9288C7009FD03E /* IGRUserDefaults.m */,
				A5F451D81A9288DC009FD03E /* iTunes */,
				A5F451B21A9288C7009FD03E /* Listeners */,
				A5F451BB1A9288C7009FD03E /* LockManager */,
				A5086B581A94A3CA00787358 /* Mail */,
				A5F451C41A9288C7009FD03E /* LockMeNowAppDelegate.h */,
				A5F451C51A9288C7009FD03E /* LockMeNowAppDelegate.m */,
			);
			name = Classes;
			path = Source;
			sourceTree = "<group>";
		};
		1058C7A0FEA54F0111CA2CBB /* Linked Frameworks */ = {
			isa = PBXGroup;
			children = (
				A51948CF18887ED6009D6A81 /* SystemConfiguration.framework */,
				A59F335416C125E600A43F7C /* ServiceManagement.framework */,
				A5489BAC15D401710072E5D2 /* IOBluetooth.framework */,
				A5489BAD15D401710072E5D2 /* IOBluetoothUI.framework */,
				A5489BAA15D3F1820072E5D2 /* Quartz.framework */,
				A568E6FF142F5F8B0028D621 /* IOKit.framework */,
				D0ABD261101D374900E5F733 /* Carbon.framework */,
				A58A9E35142F5D3600D99E79 /* Security.framework */,
				1058C7A1FEA54F0111CA2CBB /* Cocoa.framework */,
			);
			name = "Linked Frameworks";
			sourceTree = "<group>";
		};
		1058C7A2FEA54F0111CA2CBB /* Other Frameworks */ = {
			isa = PBXGroup;
			children = (
				A5CE4D0215062BFB001C22D2 /* ScriptingBridge.framework */,
				29B97324FDCFA39411CA2CEA /* AppKit.framework */,
				13E42FB307B3F0F600E4EEF1 /* CoreData.framework */,
				29B97325FDCFA39411CA2CEA /* Foundation.framework */,
			);
			name = "Other Frameworks";
			sourceTree = "<group>";
		};
		19C28FACFE9D520D11CA2CBB /* Products */ = {
			isa = PBXGroup;
			children = (
				8D1107320486CEB800E47090 /* LockMeNow.app */,
				A5D2819516E7E394006405E0 /* script_service.xpc */,
			);
			name = Products;
			sourceTree = "<group>";
		};
		29B97314FDCFA39411CA2CEA /* SGHotKeyCenter */ = {
			isa = PBXGroup;
			children = (
				A5BD7F6C18B0F0F30038B280 /* README.md */,
				A5489B8215D3E5A90072E5D2 /* External */,
				080E96DDFE201D6D7F000001 /* Classes */,
				A56235041A817F6E002B86A5 /* LaunchHelper */,
				29B97315FDCFA39411CA2CEA /* Other Sources */,
				29B97317FDCFA39411CA2CEA /* Resources */,
				A5D2819716E7E394006405E0 /* script_service */,
				A5086B4E1A94A01600787358 /* Applications */,
				29B97323FDCFA39411CA2CEA /* Frameworks */,
				19C28FACFE9D520D11CA2CBB /* Products */,
			);
			name = SGHotKeyCenter;
			sourceTree = "<group>";
		};
		29B97315FDCFA39411CA2CEA /* Other Sources */ = {
			isa = PBXGroup;
			children = (
				D0764530101E7A6100DAE20D /* main.m */,
				D0764531101E7A6100DAE20D /* Prefix.pch */,
			);
			name = "Other Sources";
			sourceTree = "<group>";
		};
		29B97317FDCFA39411CA2CEA /* Resources */ = {
			isa = PBXGroup;
			children = (
				A52843B91948547B00040243 /* Images.xcassets */,
				A5F19B43171AA9F000C8EE09 /* filevault_2_encryption_check_extension_attribute.sh */,
				A559117516B3D69C008A7BF9 /* lockmenow.entitlements */,
				A52A9F5F16A8365200EA4B17 /* TextFieldBG.png */,
				A517CFA2142FD73E00632668 /* Credits.rtf */,
				D0764520101E7A3300DAE20D /* Info.plist */,
				089C165CFE840E0CC02AAC07 /* InfoPlist.strings */,
				1DDD58140DA1D0A300B32029 /* MainMenu.xib */,
			);
			name = Resources;
			sourceTree = "<group>";
		};
		29B97323FDCFA39411CA2CEA /* Frameworks */ = {
			isa = PBXGroup;
			children = (
				A59FACF91A95288C006083A1 /* QuartzCore.framework */,
				A59FACF61A952847006083A1 /* CoreVideo.framework */,
				A52A534A1A94D97800EB9AA6 /* CoreLocation.framework */,
				A5086B341A948A1A00787358 /* SecurityInterface.framework */,
				A5CB1AF11A840878005AAB21 /* CoreMedia.framework */,
				A5CB1AEF1A840849005AAB21 /* AVFoundation.framework */,
				A5F066F01A8142DE005A571D /* AppKit.framework */,
				A55F89551A76DB4D00C3F837 /* ScreenSaver.framework */,
				1058C7A0FEA54F0111CA2CBB /* Linked Frameworks */,
				A5B0BEBF144CA9E0003C3145 /* Cocoa.framework */,
				A5094B9816CBF33200A3C877 /* Foundation.framework */,
				1058C7A2FEA54F0111CA2CBB /* Other Frameworks */,
			);
			name = Frameworks;
			sourceTree = "<group>";
		};
		A5086B281A93EA2700787358 /* asl */ = {
			isa = PBXGroup;
			children = (
				A5086B2E1A93EB2100787358 /* ASLHelper.h */,
				A5086B2F1A93EB2100787358 /* ASLHelper.m */,
			);
			path = asl;
			sourceTree = "<group>";
		};
		A5086B4E1A94A01600787358 /* Applications */ = {
			isa = PBXGroup;
			children = (
				A5086B4F1A94A02900787358 /* iTunes.app */,
				A5086B501A94A02900787358 /* Mail.app */,
			);
			name = Applications;
			sourceTree = "<group>";
		};
		A5086B581A94A3CA00787358 /* Mail */ = {
			isa = PBXGroup;
			children = (
				A5086B591A94A5F600787358 /* MailHelper.h */,
				A5086B5A1A94A5F600787358 /* MailHelper.m */,
			);
			path = Mail;
			sourceTree = "<group>";
		};
		A5489B8215D3E5A90072E5D2 /* External */ = {
			isa = PBXGroup;
			children = (
				A54A9CA31A83EBA8004D82DB /* ImageSnap */,
				A5C0BBE216A6D077008072DE /* ShortcutRecorder.xcodeproj */,
				A589299716A5DEBB00063E09 /* peertalk */,
			);
			path = External;
			sourceTree = "<group>";
		};
		A54A9CA31A83EBA8004D82DB /* ImageSnap */ = {
			isa = PBXGroup;
			children = (
				A5CB1AE01A84062B005AAB21 /* ImageSnap.xcodeproj */,
			);
			path = ImageSnap;
			sourceTree = "<group>";
		};
		A56235041A817F6E002B86A5 /* LaunchHelper */ = {
			isa = PBXGroup;
			children = (
				A562350E1A817F6E002B86A5 /* LaunchHelper.xcodeproj */,
			);
			path = LaunchHelper;
			sourceTree = "<group>";
		};
		A562350F1A817F6E002B86A5 /* Products */ = {
			isa = PBXGroup;
			children = (
				A562351F1A817F6E002B86A5 /* LaunchHelper.app */,
				A56235211A817F6E002B86A5 /* LaunchHelperTests.xctest */,
			);
			name = Products;
			sourceTree = "<group>";
		};
		A589299716A5DEBB00063E09 /* peertalk */ = {
			isa = PBXGroup;
			children = (
				A589299416A5DE9400063E09 /* PTUSBHub.h */,
				A589299516A5DE9400063E09 /* PTUSBHub.m */,
			);
			name = peertalk;
			sourceTree = "<group>";
		};
		A5C0BBE316A6D077008072DE /* Products */ = {
			isa = PBXGroup;
			children = (
				A5C0BBED16A6D078008072DE /* PTHotKey.framework */,
				A5C0BBEF16A6D078008072DE /* ShortcutRecorder.framework */,
				A5C0BBF116A6D078008072DE /* TestApp.app */,
			);
			name = Products;
			sourceTree = "<group>";
		};
		A5CB1AE11A84062B005AAB21 /* Products */ = {
			isa = PBXGroup;
			children = (
				A5CB1AE71A84062B005AAB21 /* libImageSnap.a */,
				A5CB1AE91A84062B005AAB21 /* ImageSnapTests.xctest */,
				A5CB1AEB1A84062B005AAB21 /* Example.app */,
			);
			name = Products;
			sourceTree = "<group>";
		};
		A5D2819716E7E394006405E0 /* script_service */ = {
			isa = PBXGroup;
			children = (
				A5D2819D16E7E394006405E0 /* script_service.m */,
				A5D2819816E7E394006405E0 /* Supporting Files */,
			);
			path = script_service;
			sourceTree = "<group>";
		};
		A5D2819816E7E394006405E0 /* Supporting Files */ = {
			isa = PBXGroup;
			children = (
				A5F19B45171AABAD00C8EE09 /* IOKit.framework */,
				A5046E3F16FAFB6D00323A23 /* script_service-Entitlements.plist */,
				A5D2819916E7E394006405E0 /* script_service-Info.plist */,
				A5D2819A16E7E394006405E0 /* InfoPlist.strings */,
				A5D2819F16E7E394006405E0 /* script_service-Prefix.pch */,
			);
			name = "Supporting Files";
			sourceTree = "<group>";
		};
		A5F451B21A9288C7009FD03E /* Listeners */ = {
			isa = PBXGroup;
			children = (
				A5F451B31A9288C7009FD03E /* BluetoothListener.h */,
				A5F451B41A9288C7009FD03E /* BluetoothListener.m */,
				A5F451B51A9288C7009FD03E /* KeyListener.h */,
				A5F451B61A9288C7009FD03E /* KeyListener.m */,
				A5F451B71A9288C7009FD03E /* ListenerManager.h */,
				A5F451B81A9288C7009FD03E /* ListenerManager.m */,
				A5F451B91A9288C7009FD03E /* USBListener.h */,
				A5F451BA1A9288C7009FD03E /* USBListener.m */,
			);
			path = Listeners;
			sourceTree = "<group>";
		};
		A5F451BB1A9288C7009FD03E /* LockManager */ = {
			isa = PBXGroup;
			children = (
				A5F451BC1A9288C7009FD03E /* BlockViewLock.h */,
				A5F451BD1A9288C7009FD03E /* BlockViewLock.m */,
				A5F451BE1A9288C7009FD03E /* JustLock.h */,
				A5F451BF1A9288C7009FD03E /* JustLock.m */,
				A5F451C01A9288C7009FD03E /* LockManager.h */,
				A5F451C11A9288C7009FD03E /* LockManager.m */,
				A5F451C21A9288C7009FD03E /* LoginWindowsLock.h */,
				A5F451C31A9288C7009FD03E /* LoginWindowsLock.m */,
			);
			path = LockManager;
			sourceTree = "<group>";
		};
		A5F451D81A9288DC009FD03E /* iTunes */ = {
			isa = PBXGroup;
			children = (
				A5F451B01A9288C7009FD03E /* iTunesHelper.h */,
				A5F451B11A9288C7009FD03E /* iTunesHelper.m */,
			);
			path = iTunes;
			sourceTree = "<group>";
		};
/* End PBXGroup section */

/* Begin PBXNativeTarget section */
		8D1107260486CEB800E47090 /* LockMeNow */ = {
			isa = PBXNativeTarget;
			buildConfigurationList = C01FCF4A08A954540054247B /* Build configuration list for PBXNativeTarget "LockMeNow" */;
			buildPhases = (
				8D1107290486CEB800E47090 /* Resources */,
				8D11072C0486CEB800E47090 /* Sources */,
				8D11072E0486CEB800E47090 /* Frameworks */,
				A589294B16A5AFC600063E09 /* Copy Frameworks */,
				A5D94E8916FB1D3F0054BC6C /* Copy XPC Service */,
				A5D7DE4D171AC291008A8FA4 /* Copy LoginItems */,
			);
			buildRules = (
				A5086B571A94A37500787358 /* PBXBuildRule */,
			);
			dependencies = (
				A56235251A817FCE002B86A5 /* PBXTargetDependency */,
				A5D94E8816FB1D000054BC6C /* PBXTargetDependency */,
				A5C0BBF316A6D083008072DE /* PBXTargetDependency */,
				A5C0BBF516A6D083008072DE /* PBXTargetDependency */,
			);
			name = LockMeNow;
			productInstallPath = "$(HOME)/Applications";
			productName = SGHotKeyCenter;
			productReference = 8D1107320486CEB800E47090 /* LockMeNow.app */;
			productType = "com.apple.product-type.application";
		};
		A5D2819416E7E394006405E0 /* script_service */ = {
			isa = PBXNativeTarget;
			buildConfigurationList = A5D281A916E7E394006405E0 /* Build configuration list for PBXNativeTarget "script_service" */;
			buildPhases = (
				A5D2819116E7E394006405E0 /* Sources */,
				A5D2819216E7E394006405E0 /* Frameworks */,
				A5D2819316E7E394006405E0 /* Resources */,
			);
			buildRules = (
			);
			dependencies = (
			);
			name = script_service;
			productName = script_service;
			productReference = A5D2819516E7E394006405E0 /* script_service.xpc */;
			productType = "com.apple.product-type.application";
		};
/* End PBXNativeTarget section */

/* Begin PBXProject section */
		29B97313FDCFA39411CA2CEA /* Project object */ = {
			isa = PBXProject;
			attributes = {
				LastUpgradeCheck = 0600;
				TargetAttributes = {
					8D1107260486CEB800E47090 = {
						DevelopmentTeam = DMP42GVPJ3;
						SystemCapabilities = {
							com.apple.Maps.Mac = {
								enabled = 0;
							};
							com.apple.Sandbox = {
								enabled = 0;
							};
						};
					};
				};
			};
			buildConfigurationList = C01FCF4E08A954540054247B /* Build configuration list for PBXProject "LockMeNow" */;
			compatibilityVersion = "Xcode 3.2";
			developmentRegion = English;
			hasScannedForEncodings = 1;
			knownRegions = (
				en,
				English,
				Base,
			);
			mainGroup = 29B97314FDCFA39411CA2CEA /* SGHotKeyCenter */;
			projectDirPath = "";
			projectReferences = (
				{
					ProductGroup = A5CB1AE11A84062B005AAB21 /* Products */;
					ProjectRef = A5CB1AE01A84062B005AAB21 /* ImageSnap.xcodeproj */;
				},
				{
					ProductGroup = A562350F1A817F6E002B86A5 /* Products */;
					ProjectRef = A562350E1A817F6E002B86A5 /* LaunchHelper.xcodeproj */;
				},
				{
					ProductGroup = A5C0BBE316A6D077008072DE /* Products */;
					ProjectRef = A5C0BBE216A6D077008072DE /* ShortcutRecorder.xcodeproj */;
				},
			);
			projectRoot = "";
			targets = (
				8D1107260486CEB800E47090 /* LockMeNow */,
				A5D2819416E7E394006405E0 /* script_service */,
			);
		};
/* End PBXProject section */

/* Begin PBXReferenceProxy section */
		A562351F1A817F6E002B86A5 /* LaunchHelper.app */ = {
			isa = PBXReferenceProxy;
			fileType = wrapper.application;
			path = LaunchHelper.app;
			remoteRef = A562351E1A817F6E002B86A5 /* PBXContainerItemProxy */;
			sourceTree = BUILT_PRODUCTS_DIR;
		};
		A56235211A817F6E002B86A5 /* LaunchHelperTests.xctest */ = {
			isa = PBXReferenceProxy;
			fileType = wrapper.cfbundle;
			path = LaunchHelperTests.xctest;
			remoteRef = A56235201A817F6E002B86A5 /* PBXContainerItemProxy */;
			sourceTree = BUILT_PRODUCTS_DIR;
		};
		A5C0BBED16A6D078008072DE /* PTHotKey.framework */ = {
			isa = PBXReferenceProxy;
			fileType = wrapper.framework;
			path = PTHotKey.framework;
			remoteRef = A5C0BBEC16A6D078008072DE /* PBXContainerItemProxy */;
			sourceTree = BUILT_PRODUCTS_DIR;
		};
		A5C0BBEF16A6D078008072DE /* ShortcutRecorder.framework */ = {
			isa = PBXReferenceProxy;
			fileType = wrapper.framework;
			path = ShortcutRecorder.framework;
			remoteRef = A5C0BBEE16A6D078008072DE /* PBXContainerItemProxy */;
			sourceTree = BUILT_PRODUCTS_DIR;
		};
		A5C0BBF116A6D078008072DE /* TestApp.app */ = {
			isa = PBXReferenceProxy;
			fileType = wrapper.application;
			path = TestApp.app;
			remoteRef = A5C0BBF016A6D078008072DE /* PBXContainerItemProxy */;
			sourceTree = BUILT_PRODUCTS_DIR;
		};
		A5CB1AE71A84062B005AAB21 /* libImageSnap.a */ = {
			isa = PBXReferenceProxy;
			fileType = archive.ar;
			path = libImageSnap.a;
			remoteRef = A5CB1AE61A84062B005AAB21 /* PBXContainerItemProxy */;
			sourceTree = BUILT_PRODUCTS_DIR;
		};
		A5CB1AE91A84062B005AAB21 /* ImageSnapTests.xctest */ = {
			isa = PBXReferenceProxy;
			fileType = wrapper.cfbundle;
			path = ImageSnapTests.xctest;
			remoteRef = A5CB1AE81A84062B005AAB21 /* PBXContainerItemProxy */;
			sourceTree = BUILT_PRODUCTS_DIR;
		};
		A5CB1AEB1A84062B005AAB21 /* Example.app */ = {
			isa = PBXReferenceProxy;
			fileType = wrapper.application;
			path = Example.app;
			remoteRef = A5CB1AEA1A84062B005AAB21 /* PBXContainerItemProxy */;
			sourceTree = BUILT_PRODUCTS_DIR;
		};
/* End PBXReferenceProxy section */

/* Begin PBXResourcesBuildPhase section */
		8D1107290486CEB800E47090 /* Resources */ = {
			isa = PBXResourcesBuildPhase;
			buildActionMask = 2147483647;
			files = (
				8D11072B0486CEB800E47090 /* InfoPlist.strings in Resources */,
				A5086B511A94A02900787358 /* iTunes.app in Resources */,
				A5086B521A94A02900787358 /* Mail.app in Resources */,
				1DDD58160DA1D0A300B32029 /* MainMenu.xib in Resources */,
				A517CFA4142FD73E00632668 /* Credits.rtf in Resources */,
				A52A9F6016A8365300EA4B17 /* TextFieldBG.png in Resources */,
				A52843BA1948547B00040243 /* Images.xcassets in Resources */,
			);
			runOnlyForDeploymentPostprocessing = 0;
		};
		A5D2819316E7E394006405E0 /* Resources */ = {
			isa = PBXResourcesBuildPhase;
			buildActionMask = 2147483647;
			files = (
				A5D94E8B16FB1DF50054BC6C /* script_service-Entitlements.plist in Resources */,
				A5D2819C16E7E394006405E0 /* InfoPlist.strings in Resources */,
				A5F19B44171AA9F000C8EE09 /* filevault_2_encryption_check_extension_attribute.sh in Resources */,
			);
			runOnlyForDeploymentPostprocessing = 0;
		};
/* End PBXResourcesBuildPhase section */

/* Begin PBXSourcesBuildPhase section */
		8D11072C0486CEB800E47090 /* Sources */ = {
			isa = PBXSourcesBuildPhase;
			buildActionMask = 2147483647;
			files = (
				A5F451D51A9288C7009FD03E /* LockMeNowAppDelegate.m in Sources */,
				A5F451D01A9288C7009FD03E /* USBListener.m in Sources */,
				A5F451CB1A9288C7009FD03E /* IGRUserDefaults.m in Sources */,
				A5086B5B1A94A5F600787358 /* MailHelper.m in Sources */,
				A5F451D41A9288C7009FD03E /* LoginWindowsLock.m in Sources */,
				A5F451CD1A9288C7009FD03E /* BluetoothListener.m in Sources */,
				A5F451CF1A9288C7009FD03E /* ListenerManager.m in Sources */,
				A5F451CC1A9288C7009FD03E /* iTunesHelper.m in Sources */,
				A5F451CE1A9288C7009FD03E /* KeyListener.m in Sources */,
				D0764532101E7A6100DAE20D /* main.m in Sources */,
				A5F451D11A9288C7009FD03E /* BlockViewLock.m in Sources */,
				A5086B301A93EB2100787358 /* ASLHelper.m in Sources */,
				A5F451D31A9288C7009FD03E /* LockManager.m in Sources */,
				A5F451D21A9288C7009FD03E /* JustLock.m in Sources */,
				A589299616A5DE9400063E09 /* PTUSBHub.m in Sources */,
			);
			runOnlyForDeploymentPostprocessing = 0;
		};
		A5D2819116E7E394006405E0 /* Sources */ = {
			isa = PBXSourcesBuildPhase;
			buildActionMask = 2147483647;
			files = (
				A5D2819E16E7E394006405E0 /* script_service.m in Sources */,
			);
			runOnlyForDeploymentPostprocessing = 0;
		};
/* End PBXSourcesBuildPhase section */

/* Begin PBXTargetDependency section */
		A56235251A817FCE002B86A5 /* PBXTargetDependency */ = {
			isa = PBXTargetDependency;
			name = LaunchHelper;
			targetProxy = A56235241A817FCE002B86A5 /* PBXContainerItemProxy */;
		};
		A5C0BBF316A6D083008072DE /* PBXTargetDependency */ = {
			isa = PBXTargetDependency;
			name = PTHotKey;
			targetProxy = A5C0BBF216A6D083008072DE /* PBXContainerItemProxy */;
		};
		A5C0BBF516A6D083008072DE /* PBXTargetDependency */ = {
			isa = PBXTargetDependency;
			name = ShortcutRecorder;
			targetProxy = A5C0BBF416A6D083008072DE /* PBXContainerItemProxy */;
		};
		A5D94E8816FB1D000054BC6C /* PBXTargetDependency */ = {
			isa = PBXTargetDependency;
			target = A5D2819416E7E394006405E0 /* script_service */;
			targetProxy = A5D94E8716FB1D000054BC6C /* PBXContainerItemProxy */;
		};
/* End PBXTargetDependency section */

/* Begin PBXVariantGroup section */
		089C165CFE840E0CC02AAC07 /* InfoPlist.strings */ = {
			isa = PBXVariantGroup;
			children = (
				089C165DFE840E0CC02AAC07 /* English */,
			);
			name = InfoPlist.strings;
			sourceTree = "<group>";
		};
		1DDD58140DA1D0A300B32029 /* MainMenu.xib */ = {
			isa = PBXVariantGroup;
			children = (
				1DDD58150DA1D0A300B32029 /* English */,
			);
			name = MainMenu.xib;
			sourceTree = "<group>";
		};
		A517CFA2142FD73E00632668 /* Credits.rtf */ = {
			isa = PBXVariantGroup;
			children = (
				A517CFA3142FD73E00632668 /* English */,
			);
			name = Credits.rtf;
			sourceTree = "<group>";
		};
		A5D2819A16E7E394006405E0 /* InfoPlist.strings */ = {
			isa = PBXVariantGroup;
			children = (
				A5D2819B16E7E394006405E0 /* en */,
			);
			name = InfoPlist.strings;
			sourceTree = "<group>";
		};
/* End PBXVariantGroup section */

/* Begin XCBuildConfiguration section */
		A5D281AA16E7E394006405E0 /* Debug */ = {
			isa = XCBuildConfiguration;
			buildSettings = {
				ALWAYS_SEARCH_USER_PATHS = NO;
				CLANG_CXX_LANGUAGE_STANDARD = "gnu++0x";
				CLANG_CXX_LIBRARY = "libc++";
				CLANG_ENABLE_OBJC_ARC = YES;
				CLANG_WARN_CONSTANT_CONVERSION = YES;
				CLANG_WARN_EMPTY_BODY = YES;
				CLANG_WARN_ENUM_CONVERSION = YES;
				CLANG_WARN_INT_CONVERSION = YES;
				CLANG_WARN__DUPLICATE_METHOD_MATCH = YES;
				CODE_SIGN_ENTITLEMENTS = "script_service/script_service-Entitlements.plist";
				CODE_SIGN_IDENTITY = "IGR Software";
				COMBINE_HIDPI_IMAGES = YES;
				COPY_PHASE_STRIP = NO;
				GCC_C_LANGUAGE_STANDARD = gnu99;
				GCC_DYNAMIC_NO_PIC = NO;
				GCC_ENABLE_OBJC_EXCEPTIONS = YES;
				GCC_PRECOMPILE_PREFIX_HEADER = YES;
				GCC_PREFIX_HEADER = "script_service/script_service-Prefix.pch";
				GCC_PREPROCESSOR_DEFINITIONS = (
					"DEBUG=1",
					"$(inherited)",
				);
				GCC_SYMBOLS_PRIVATE_EXTERN = NO;
				GCC_WARN_64_TO_32_BIT_CONVERSION = YES;
				GCC_WARN_UNINITIALIZED_AUTOS = YES;
				INFOPLIST_FILE = "script_service/script_service-Info.plist";
				INSTALL_PATH = "";
				MACOSX_DEPLOYMENT_TARGET = 10.7;
				PRODUCT_NAME = "$(TARGET_NAME)";
				PROVISIONING_PROFILE = "";
				WRAPPER_EXTENSION = xpc;
			};
			name = Debug;
		};
		A5D281AB16E7E394006405E0 /* Release */ = {
			isa = XCBuildConfiguration;
			buildSettings = {
				ALWAYS_SEARCH_USER_PATHS = NO;
				CLANG_CXX_LANGUAGE_STANDARD = "gnu++0x";
				CLANG_CXX_LIBRARY = "libc++";
				CLANG_ENABLE_OBJC_ARC = YES;
				CLANG_WARN_CONSTANT_CONVERSION = YES;
				CLANG_WARN_EMPTY_BODY = YES;
				CLANG_WARN_ENUM_CONVERSION = YES;
				CLANG_WARN_INT_CONVERSION = YES;
				CLANG_WARN__DUPLICATE_METHOD_MATCH = YES;
				CODE_SIGN_ENTITLEMENTS = "script_service/script_service-Entitlements.plist";
				CODE_SIGN_IDENTITY = "IGR Software";
				COMBINE_HIDPI_IMAGES = YES;
				COPY_PHASE_STRIP = YES;
				GCC_C_LANGUAGE_STANDARD = gnu99;
				GCC_ENABLE_OBJC_EXCEPTIONS = YES;
				GCC_PRECOMPILE_PREFIX_HEADER = YES;
				GCC_PREFIX_HEADER = "script_service/script_service-Prefix.pch";
				GCC_WARN_64_TO_32_BIT_CONVERSION = YES;
				GCC_WARN_UNINITIALIZED_AUTOS = YES;
				INFOPLIST_FILE = "script_service/script_service-Info.plist";
				INSTALL_PATH = "";
				MACOSX_DEPLOYMENT_TARGET = 10.7;
				PRODUCT_NAME = "$(TARGET_NAME)";
				PROVISIONING_PROFILE = "";
				WRAPPER_EXTENSION = xpc;
			};
			name = Release;
		};
		C01FCF4B08A954540054247B /* Debug */ = {
			isa = XCBuildConfiguration;
			buildSettings = {
				ASSETCATALOG_COMPILER_APPICON_NAME = AppIcon;
				CODE_SIGN_ENTITLEMENTS = lockmenow.entitlements;
				CODE_SIGN_IDENTITY = "IGR Software";
				COMBINE_HIDPI_IMAGES = YES;
				COPY_PHASE_STRIP = NO;
				GCC_PRECOMPILE_PREFIX_HEADER = YES;
				GCC_PREFIX_HEADER = Source/Prefix.pch;
				GCC_WARN_ABOUT_MISSING_PROTOTYPES = YES;
				HEADER_SEARCH_PATHS = (
					"$(inherited)",
					"\"$(CONFIGURATION_BUILD_DIR)/include\"",
				);
				INFOPLIST_FILE = Resources/Info.plist;
				INSTALL_PATH = /Applications;
				LD_RUNPATH_SEARCH_PATHS = "$(inherited) @executable_path/../Frameworks";
				LIBRARY_SEARCH_PATHS = "$(inherited)";
				MACOSX_DEPLOYMENT_TARGET = 10.9;
				OTHER_CFLAGS = "-DDEBUG";
				PRODUCT_NAME = LockMeNow;
			};
			name = Debug;
		};
		C01FCF4C08A954540054247B /* Release */ = {
			isa = XCBuildConfiguration;
			buildSettings = {
				ASSETCATALOG_COMPILER_APPICON_NAME = AppIcon;
				CODE_SIGN_ENTITLEMENTS = lockmenow.entitlements;
				CODE_SIGN_IDENTITY = "IGR Software";
				COMBINE_HIDPI_IMAGES = YES;
				COPY_PHASE_STRIP = NO;
				GCC_PRECOMPILE_PREFIX_HEADER = YES;
				GCC_PREFIX_HEADER = Source/Prefix.pch;
				GCC_WARN_ABOUT_MISSING_PROTOTYPES = YES;
				HEADER_SEARCH_PATHS = (
					"$(inherited)",
					"\"$(CONFIGURATION_BUILD_DIR)/include\"",
				);
				INFOPLIST_FILE = Resources/Info.plist;
				INSTALL_PATH = /Applications;
				LD_RUNPATH_SEARCH_PATHS = "$(inherited) @executable_path/../Frameworks";
				LIBRARY_SEARCH_PATHS = "$(inherited)";
				MACOSX_DEPLOYMENT_TARGET = 10.9;
				OTHER_CFLAGS = "";
				PRODUCT_NAME = LockMeNow;
			};
			name = Release;
		};
		C01FCF4F08A954540054247B /* Debug */ = {
			isa = XCBuildConfiguration;
			buildSettings = {
				CLANG_ENABLE_OBJC_ARC = YES;
				DEBUG_INFORMATION_FORMAT = dwarf;
				GCC_OPTIMIZATION_LEVEL = 0;
				GCC_WARN_ABOUT_RETURN_TYPE = YES;
				GCC_WARN_UNUSED_VARIABLE = YES;
				MACOSX_DEPLOYMENT_TARGET = 10.7;
				ONLY_ACTIVE_ARCH = YES;
				SDKROOT = macosx;
			};
			name = Debug;
		};
		C01FCF5008A954540054247B /* Release */ = {
			isa = XCBuildConfiguration;
			buildSettings = {
				CLANG_ENABLE_OBJC_ARC = YES;
				DEBUG_INFORMATION_FORMAT = "dwarf-with-dsym";
				GCC_WARN_ABOUT_RETURN_TYPE = YES;
				GCC_WARN_UNUSED_VARIABLE = YES;
				MACOSX_DEPLOYMENT_TARGET = 10.7;
				SDKROOT = macosx;
			};
			name = Release;
		};
/* End XCBuildConfiguration section */

/* Begin XCConfigurationList section */
		A5D281A916E7E394006405E0 /* Build configuration list for PBXNativeTarget "script_service" */ = {
			isa = XCConfigurationList;
			buildConfigurations = (
				A5D281AA16E7E394006405E0 /* Debug */,
				A5D281AB16E7E394006405E0 /* Release */,
			);
			defaultConfigurationIsVisible = 0;
			defaultConfigurationName = Release;
		};
		C01FCF4A08A954540054247B /* Build configuration list for PBXNativeTarget "LockMeNow" */ = {
			isa = XCConfigurationList;
			buildConfigurations = (
				C01FCF4B08A954540054247B /* Debug */,
				C01FCF4C08A954540054247B /* Release */,
			);
			defaultConfigurationIsVisible = 0;
			defaultConfigurationName = Release;
		};
		C01FCF4E08A954540054247B /* Build configuration list for PBXProject "LockMeNow" */ = {
			isa = XCConfigurationList;
			buildConfigurations = (
				C01FCF4F08A954540054247B /* Debug */,
				C01FCF5008A954540054247B /* Release */,
			);
			defaultConfigurationIsVisible = 0;
			defaultConfigurationName = Release;
		};
/* End XCConfigurationList section */
	};
	rootObject = 29B97313FDCFA39411CA2CEA /* Project object */;
}
